{
  "version": 1,
  "dependencies": {
    ".NETFramework,Version=v4.7.2": {
      "CommandLineParser": {
        "type": "Direct",
        "requested": "[2.9.1, )",
        "resolved": "2.9.1",
        "contentHash": "OE0sl1/sQ37bjVsPKKtwQlWDgqaxWgtme3xZz7JssWUzg5JpMIyHgCTY9MVMxOg48fJ1AgGT3tgdH5m/kQ5xhA=="
      },
      "Fody": {
        "type": "Direct",
        "requested": "[4.2.1, )",
        "resolved": "4.2.1",
        "contentHash": "46t+e1eESclH4TkfqUEYAgZ1+ZbXSFS7GqSKvtcw6u2yT05heDKdzj1r3YA/6FCZM4uB4z7qRW9V+gBsCilonQ=="
      },
      "nanoFramework.Tools.Debugger.Net": {
        "type": "Direct",
        "requested": "[2.4.42, )",
        "resolved": "2.4.42",
        "contentHash": "3RWlCdTOkf0RDHRc+qFs0Di4QP9JLwaa3msLK1WT+XUeIaG45MJo9WLJ+tBS4rXcn0dHQSAKIP17q374WmaMag==",
        "dependencies": {
          "Polly": "7.2.3",
          "PropertyChanged.Fody": "2.6.1",
          "System.IO.Ports": "7.0.0"
        }
      },
      "Nerdbank.GitVersioning": {
        "type": "Direct",
        "requested": "[3.6.139, )",
        "resolved": "3.6.139",
        "contentHash": "rq0Ub/Jik7PtMtZtLn0tHuJ01Yt36RQ+eeBe+S7qnJ/EFOX6D4T9zuYD3vQPYKGI6Ro4t2iWgFm3fGDgjBrMfg=="
      },
      "NuGet.Build.Tasks.Pack": {
        "type": "Direct",
        "requested": "[6.3.0, )",
        "resolved": "6.3.0",
        "contentHash": "JGN8WHJr/PkVX7FNn7BR++72f6erxDaEFxiBU/Or9Av+Fu8grTeYYX5zkHbjpG4+aJnag6tI51XcbIkqsVabIw=="
      },
      "Polly": {
        "type": "Direct",
        "requested": "[8.4.0, )",
        "resolved": "8.4.0",
        "contentHash": "z2EeUutuy49jBQyZ5s2FUuTCGx3GCzJ0cJ2HbjWwks94TsC6bKTtAHKBkMZOa/DyYRl5yIX7MshvMTWl1J6RNg==",
        "dependencies": {
          "Polly.Core": "8.4.0"
        }
      },
      "PropertyChanged.Fody": {
        "type": "Direct",
        "requested": "[2.6.1, )",
        "resolved": "2.6.1",
        "contentHash": "dCMGDjA7ahlpCIfvPxwXB6KIIeYtc2qALk69p22HQwgzKJQG25l87l5skk5ZBV5/B/z3dQZBVZkdJZbvtEXuAg==",
        "dependencies": {
          "Fody": "4.2.1"
        }
      },
      "System.Runtime.CompilerServices.Unsafe": {
        "type": "Direct",
        "requested": "[6.0.0, )",
        "resolved": "6.0.0",
        "contentHash": "/iUeP3tq1S0XdNNoMz5C9twLSrM/TH+qElHkXWaPvuNOt+99G75NrV0OS2EqHx5wMN7popYjpc8oTjC1y16DLg=="
      },
      "Microsoft.Bcl.AsyncInterfaces": {
        "type": "Transitive",
        "resolved": "6.0.0",
        "contentHash": "UcSjPsst+DfAdJGVDsu346FX0ci0ah+lw3WRtn18NUwEqRt70HaOQ7lI72vy3+1LxtqI3T5GWwV39rQSrCzAeg==",
        "dependencies": {
          "System.Threading.Tasks.Extensions": "4.5.4"
        }
      },
      "Microsoft.Bcl.TimeProvider": {
        "type": "Transitive",
        "resolved": "8.0.0",
        "contentHash": "f5Kr5JepAbiGo7uDmhgvMqhntwxqXNn6/IpTBSSI4cuHhgnJGrLxFRhMjVpRkLPp6zJXO0/G0l3j9p9zSJxa+w==",
        "dependencies": {
          "Microsoft.Bcl.AsyncInterfaces": "6.0.0",
          "System.ValueTuple": "4.5.0"
        }
      },
      "Polly.Core": {
        "type": "Transitive",
        "resolved": "8.4.0",
        "contentHash": "3AZxuP//pxOeBo9tQs7/tz4Z5TTbu4BYfjpaXZD0JYKJo98ngN9TMUz1nybh4k0ykWkMBpGZALV/AmVIE3ew7A==",
        "dependencies": {
          "Microsoft.Bcl.AsyncInterfaces": "6.0.0",
          "Microsoft.Bcl.TimeProvider": "8.0.0",
          "System.ComponentModel.Annotations": "4.5.0",
          "System.Threading.Tasks.Extensions": "4.5.4",
          "System.ValueTuple": "4.5.0"
        }
      },
      "System.ComponentModel.Annotations": {
        "type": "Transitive",
        "resolved": "4.5.0",
        "contentHash": "UxYQ3FGUOtzJ7LfSdnYSFd7+oEv6M8NgUatatIN2HxNtDdlcvFAf+VIq4Of9cDMJEJC0aSRv/x898RYhB4Yppg=="
      },
      "System.IO.Ports": {
        "type": "Transitive",
        "resolved": "7.0.0",
        "contentHash": "0nWQjM5IofaIGpvkifN+LLuYwBG6BHlpmphLhhOJepcW12G8qToGuNDRgBzeTVBZzp33wVsESSZ8hUOCfq+8QA=="
      },
      "System.Threading.Tasks.Extensions": {
        "type": "Transitive",
        "resolved": "4.5.4",
        "contentHash": "zteT+G8xuGu6mS+mzDzYXbzS7rd3K6Fjb9RiZlYlJPam2/hU7JCBZBVEcywNuR+oZ1ncTvc/cq0faRr3P01OVg==",
        "dependencies": {
          "System.Runtime.CompilerServices.Unsafe": "4.5.3"
        }
      },
      "System.ValueTuple": {
        "type": "Transitive",
        "resolved": "4.5.0",
        "contentHash": "okurQJO6NRE/apDIP23ajJ0hpiNmJ+f0BwOlB/cSqTLQlw5upkf+5+96+iG2Jw40G1fCVCyPz/FhIABUjMR+RQ=="
      }
    },
    ".NETFramework,Version=v4.7.2/win": {},
    ".NETFramework,Version=v4.7.2/win-arm64": {},
    ".NETFramework,Version=v4.7.2/win-x64": {},
    ".NETFramework,Version=v4.7.2/win-x86": {}
  }
}