{
  "version": 1,
  "dependencies": {
    ".NETFramework,Version=v4.7.2": {
      "CommandLineParser": {
        "type": "Direct",
        "requested": "[2.9.1, )",
        "resolved": "2.9.1",
        "contentHash": "OE0sl1/sQ37bjVsPKKtwQlWDgqaxWgtme3xZz7JssWUzg5JpMIyHgCTY9MVMxOg48fJ1AgGT3tgdH5m/kQ5xhA=="
      },
      "Fody": {
        "type": "Direct",
        "requested": "[4.2.1, )",
        "resolved": "4.2.1",
        "contentHash": "46t+e1eESclH4TkfqUEYAgZ1+ZbXSFS7GqSKvtcw6u2yT05heDKdzj1r3YA/6FCZM4uB4z7qRW9V+gBsCilonQ=="
      },
      "nanoFramework.Tools.Debugger.Net": {
        "type": "Direct",
        "requested": "[2.4.10, )",
        "resolved": "2.4.10",
        "contentHash": "4q/Z3GLAAzI4HhRiHnp10rJ54MqfKuVmzL2sljvpFpIrW+Fdlj06ucmzO/5dEeWzdiMm7CE44/DmHpNz/XRa9w==",
        "dependencies": {
          "Microsoft.Extensions.Options.DataAnnotations": "7.0.0",
          "Polly": "7.2.3",
          "PropertyChanged.Fody": "2.6.1",
          "System.IO.Ports": "7.0.0"
        }
      },
      "Nerdbank.GitVersioning": {
        "type": "Direct",
        "requested": "[3.5.109, )",
        "resolved": "3.5.109",
        "contentHash": "tKA1XJ5U2Ytk+u2/5sGNa04Pw6z9noYmqbpmHpjvbwJTtIalqsQjnwT4RQKSDTTIznHBbKxzv3HVh8QD28Qk+g=="
      },
      "NuGet.Build.Tasks.Pack": {
        "type": "Direct",
        "requested": "[6.3.0, )",
        "resolved": "6.3.0",
        "contentHash": "JGN8WHJr/PkVX7FNn7BR++72f6erxDaEFxiBU/Or9Av+Fu8grTeYYX5zkHbjpG4+aJnag6tI51XcbIkqsVabIw=="
      },
      "Polly": {
        "type": "Direct",
        "requested": "[7.2.3, )",
        "resolved": "7.2.3",
        "contentHash": "DeCY0OFbNdNxsjntr1gTXHJ5pKUwYzp04Er2LLeN3g6pWhffsGuKVfMBLe1lw7x76HrPkLxKEFxBlpRxS2nDEQ=="
      },
      "PropertyChanged.Fody": {
        "type": "Direct",
        "requested": "[2.6.1, )",
        "resolved": "2.6.1",
        "contentHash": "dCMGDjA7ahlpCIfvPxwXB6KIIeYtc2qALk69p22HQwgzKJQG25l87l5skk5ZBV5/B/z3dQZBVZkdJZbvtEXuAg==",
        "dependencies": {
          "Fody": "4.2.1"
        }
      },
      "System.Runtime.CompilerServices.Unsafe": {
        "type": "Direct",
        "requested": "[6.0.0, )",
        "resolved": "6.0.0",
        "contentHash": "/iUeP3tq1S0XdNNoMz5C9twLSrM/TH+qElHkXWaPvuNOt+99G75NrV0OS2EqHx5wMN7popYjpc8oTjC1y16DLg=="
      },
      "Microsoft.Bcl.AsyncInterfaces": {
        "type": "Transitive",
        "resolved": "7.0.0",
        "contentHash": "3aeMZ1N0lJoSyzqiP03hqemtb1BijhsJADdobn/4nsMJ8V1H+CrpuduUe4hlRdx+ikBQju1VGjMD1GJ3Sk05Eg==",
        "dependencies": {
          "System.Threading.Tasks.Extensions": "4.5.4"
        }
      },
      "Microsoft.Extensions.DependencyInjection.Abstractions": {
        "type": "Transitive",
        "resolved": "7.0.0",
        "contentHash": "h3j/QfmFN4S0w4C2A6X7arXij/M/OVw3uQHSOFxnND4DyAzO1F9eMX7Eti7lU/OkSthEE0WzRsfT/Dmx86jzCw==",
        "dependencies": {
          "Microsoft.Bcl.AsyncInterfaces": "7.0.0",
          "System.Threading.Tasks.Extensions": "4.5.4"
        }
      },
      "Microsoft.Extensions.Options": {
        "type": "Transitive",
        "resolved": "7.0.0",
        "contentHash": "lP1yBnTTU42cKpMozuafbvNtQ7QcBjr/CcK3bYOGEMH55Fjt+iecXjT6chR7vbgCMqy3PG3aNQSZgo/EuY/9qQ==",
        "dependencies": {
          "Microsoft.Extensions.DependencyInjection.Abstractions": "7.0.0",
          "Microsoft.Extensions.Primitives": "7.0.0"
        }
      },
      "Microsoft.Extensions.Options.DataAnnotations": {
        "type": "Transitive",
        "resolved": "7.0.0",
        "contentHash": "57cONN+EcyypxCmDlaJOL7tdeYMiRNVZmv2m7hi41zAu03p+r6jbGTx7bykg3o4GYPRQjsi0FGhjLn5XuVHM1Q==",
        "dependencies": {
          "Microsoft.Extensions.DependencyInjection.Abstractions": "7.0.0",
          "Microsoft.Extensions.Options": "7.0.0"
        }
      },
      "Microsoft.Extensions.Primitives": {
        "type": "Transitive",
        "resolved": "7.0.0",
        "contentHash": "um1KU5kxcRp3CNuI8o/GrZtD4AIOXDk+RLsytjZ9QPok3ttLUelLKpilVPuaFT3TFjOhSibUAso0odbOaCDj3Q==",
        "dependencies": {
          "System.Memory": "4.5.5",
          "System.Runtime.CompilerServices.Unsafe": "6.0.0"
        }
      },
      "System.Buffers": {
        "type": "Transitive",
        "resolved": "4.5.1",
        "contentHash": "Rw7ijyl1qqRS0YQD/WycNst8hUUMgrMH4FCn1nNm27M4VxchZ1js3fVjQaANHO5f3sN4isvP4a+Met9Y4YomAg=="
      },
      "System.IO.Ports": {
        "type": "Transitive",
        "resolved": "7.0.0",
        "contentHash": "0nWQjM5IofaIGpvkifN+LLuYwBG6BHlpmphLhhOJepcW12G8qToGuNDRgBzeTVBZzp33wVsESSZ8hUOCfq+8QA=="
      },
      "System.Memory": {
        "type": "Transitive",
        "resolved": "4.5.5",
        "contentHash": "XIWiDvKPXaTveaB7HVganDlOCRoj03l+jrwNvcge/t8vhGYKvqV+dMv6G4SAX2NoNmN0wZfVPTAlFwZcZvVOUw==",
        "dependencies": {
          "System.Buffers": "4.5.1",
          "System.Numerics.Vectors": "4.5.0",
          "System.Runtime.CompilerServices.Unsafe": "4.5.3"
        }
      },
      "System.Numerics.Vectors": {
        "type": "Transitive",
        "resolved": "4.5.0",
        "contentHash": "QQTlPTl06J/iiDbJCiepZ4H//BVraReU4O4EoRw1U02H5TLUIT7xn3GnDp9AXPSlJUDyFs4uWjWafNX6WrAojQ=="
      },
      "System.Threading.Tasks.Extensions": {
        "type": "Transitive",
        "resolved": "4.5.4",
        "contentHash": "zteT+G8xuGu6mS+mzDzYXbzS7rd3K6Fjb9RiZlYlJPam2/hU7JCBZBVEcywNuR+oZ1ncTvc/cq0faRr3P01OVg==",
        "dependencies": {
          "System.Runtime.CompilerServices.Unsafe": "4.5.3"
        }
      }
    },
    ".NETFramework,Version=v4.7.2/win": {},
    ".NETFramework,Version=v4.7.2/win-x64": {},
    ".NETFramework,Version=v4.7.2/win-x86": {}
  }
}