{
  "version": 1,
  "dependencies": {
    ".NETFramework,Version=v4.7.2": {
      "coverlet.collector": {
        "type": "Direct",
        "requested": "[3.1.2, )",
        "resolved": "3.1.2",
        "contentHash": "wuLDIDKD5XMt0A7lE31JPenT7QQwZPFkP5rRpdJeblyXZ9MGLI8rYjvm5fvAKln+2/X+4IxxQDxBtwdrqKNLZw=="
      },
      "Microsoft.NET.Test.Sdk": {
        "type": "Direct",
        "requested": "[17.1.0, )",
        "resolved": "17.1.0",
        "contentHash": "MVKvOsHIfrZrvg+8aqOF5dknO/qWrR1sWZjMPQ1N42MKMlL/zQL30FQFZxPeWfmVKWUWAOmAHYsqB5OerTKziw==",
        "dependencies": {
          "Microsoft.CodeCoverage": "17.1.0"
        }
      },
      "MSTest.TestAdapter": {
        "type": "Direct",
        "requested": "[2.2.8, )",
        "resolved": "2.2.8",
        "contentHash": "BzxcfLaOZ25g8usreCBwFvpzH9LcR56pSkMbERO718cTQyAChXBYVuNIU3uK9stCcUWdXxIYl4WloiIu/C/PMQ=="
      },
      "MSTest.TestFramework": {
        "type": "Direct",
        "requested": "[2.2.8, )",
        "resolved": "2.2.8",
        "contentHash": "phUoHuGTuw9T5yekxPHLLLq8jE56yufmh2yPlJq1IfkT4a3tYZ2htkeTlnQmzmJP3hI5xYhlqwiHcy3JqVt/OA=="
      },
      "System.IO.Abstractions.TestingHelpers": {
        "type": "Direct",
        "requested": "[17.2.26, )",
        "resolved": "17.2.26",
        "contentHash": "idInRmbmAlVpWrSvEWJLOAo4HZUYQeKCNHTih3f0PXkeGvuZ/kDxMciHvQ8kzgaWVZ68dBz6V1O/gCBV2NOHdQ==",
        "dependencies": {
          "System.IO.Abstractions": "17.2.26"
        }
      },
      "CommandLineParser": {
        "type": "Transitive",
        "resolved": "2.9.1",
        "contentHash": "OE0sl1/sQ37bjVsPKKtwQlWDgqaxWgtme3xZz7JssWUzg5JpMIyHgCTY9MVMxOg48fJ1AgGT3tgdH5m/kQ5xhA=="
      },
      "Microsoft.Bcl.AsyncInterfaces": {
        "type": "Transitive",
        "resolved": "6.0.0",
        "contentHash": "UcSjPsst+DfAdJGVDsu346FX0ci0ah+lw3WRtn18NUwEqRt70HaOQ7lI72vy3+1LxtqI3T5GWwV39rQSrCzAeg==",
        "dependencies": {
          "System.Threading.Tasks.Extensions": "4.5.4"
        }
      },
      "Microsoft.CodeCoverage": {
        "type": "Transitive",
        "resolved": "17.1.0",
        "contentHash": "0N/ZJ71ncCxQWhgtkEYKOgu2oMHa8h1tsOUbhmIKXF8UwtSUCe4vHAsJ3DVcNWRwNfQzSTy263ZE+QF6MdIhhQ=="
      },
      "Microsoft.Extensions.DependencyInjection.Abstractions": {
        "type": "Transitive",
        "resolved": "6.0.0",
        "contentHash": "xlzi2IYREJH3/m6+lUrQlujzX8wDitm4QGnUu6kUXTQAWPuZY8i+ticFJbzfqaetLA6KR/rO6Ew/HuYD+bxifg==",
        "dependencies": {
          "Microsoft.Bcl.AsyncInterfaces": "6.0.0",
          "System.Threading.Tasks.Extensions": "4.5.4"
        }
      },
      "Microsoft.Extensions.Options": {
        "type": "Transitive",
        "resolved": "6.0.0",
        "contentHash": "dzXN0+V1AyjOe2xcJ86Qbo233KHuLEY0njf/P2Kw8SfJU+d45HNS2ctJdnEnrWbM9Ye2eFgaC5Mj9otRMU6IsQ==",
        "dependencies": {
          "Microsoft.Extensions.DependencyInjection.Abstractions": "6.0.0",
          "Microsoft.Extensions.Primitives": "6.0.0"
        }
      },
      "Microsoft.Extensions.Options.DataAnnotations": {
        "type": "Transitive",
        "resolved": "6.0.0",
        "contentHash": "Fvs4plZYQT/iF/JsYwP/pppQRvQC211enBjCoIu/355M+aunlzSyzN/n3wPibyY76794MFLkLVT47JCBc3porg==",
        "dependencies": {
          "Microsoft.Extensions.DependencyInjection.Abstractions": "6.0.0",
          "Microsoft.Extensions.Options": "6.0.0"
        }
      },
      "Microsoft.Extensions.Primitives": {
        "type": "Transitive",
        "resolved": "6.0.0",
        "contentHash": "9+PnzmQFfEFNR9J2aDTfJGGupShHjOuGw4VUv+JB044biSHrnmCIMD+mJHmb2H7YryrfBEXDurxQ47gJZdCKNQ==",
        "dependencies": {
          "System.Memory": "4.5.4",
          "System.Runtime.CompilerServices.Unsafe": "6.0.0"
        }
      },
      "nanoFramework.Tools.Debugger.Net": {
        "type": "Transitive",
        "resolved": "2.4.3",
        "contentHash": "pVnNQwU07et8vFi0baqj3SPt6KdVDT64Pe8e1BnAteXfQbC1p5Lobh+yz8MXyox5ZB0RIlowTRTyye5WxD8l1g==",
        "dependencies": {
          "Microsoft.Extensions.Options.DataAnnotations": "6.0.0",
          "Polly": "7.2.3",
          "PropertyChanged.Fody": "2.6.1",
          "System.IO.Ports": "6.0.0"
        }
      },
      "Polly": {
        "type": "Transitive",
        "resolved": "7.2.3",
        "contentHash": "DeCY0OFbNdNxsjntr1gTXHJ5pKUwYzp04Er2LLeN3g6pWhffsGuKVfMBLe1lw7x76HrPkLxKEFxBlpRxS2nDEQ=="
      },
      "System.Buffers": {
        "type": "Transitive",
        "resolved": "4.5.1",
        "contentHash": "Rw7ijyl1qqRS0YQD/WycNst8hUUMgrMH4FCn1nNm27M4VxchZ1js3fVjQaANHO5f3sN4isvP4a+Met9Y4YomAg=="
      },
      "System.IO.Abstractions": {
        "type": "Transitive",
        "resolved": "17.2.26",
        "contentHash": "6hhbvnD2IkWUjto4IIN0pZhZP7G4EBmFxx380CvGJO/1yI+GLmVq/rvl3gbDtR1UJBeGXosEopK0O4rO47p4ag==",
        "dependencies": {
          "TestableIO.System.IO.Abstractions": "17.2.26",
          "TestableIO.System.IO.Abstractions.Wrappers": "17.2.26"
        }
      },
      "System.IO.Ports": {
        "type": "Transitive",
        "resolved": "6.0.0",
        "contentHash": "dRyGI7fUESar5ZLIpiBOaaNLW7YyOBGftjj5Of+xcduC/Rjl7RjhEnWDvvNBmHuF3d0tdXoqdVI/yrVA8f00XA=="
      },
      "System.Memory": {
        "type": "Transitive",
        "resolved": "4.5.4",
        "contentHash": "1MbJTHS1lZ4bS4FmsJjnuGJOu88ZzTT2rLvrhW7Ygic+pC0NWA+3hgAen0HRdsocuQXCkUTdFn9yHJJhsijDXw==",
        "dependencies": {
          "System.Buffers": "4.5.1",
          "System.Numerics.Vectors": "4.5.0",
          "System.Runtime.CompilerServices.Unsafe": "4.5.3"
        }
      },
      "System.Numerics.Vectors": {
        "type": "Transitive",
        "resolved": "4.5.0",
        "contentHash": "QQTlPTl06J/iiDbJCiepZ4H//BVraReU4O4EoRw1U02H5TLUIT7xn3GnDp9AXPSlJUDyFs4uWjWafNX6WrAojQ=="
      },
      "System.Runtime.CompilerServices.Unsafe": {
        "type": "Transitive",
        "resolved": "6.0.0",
        "contentHash": "/iUeP3tq1S0XdNNoMz5C9twLSrM/TH+qElHkXWaPvuNOt+99G75NrV0OS2EqHx5wMN7popYjpc8oTjC1y16DLg=="
      },
      "System.Threading.Tasks.Extensions": {
        "type": "Transitive",
        "resolved": "4.5.4",
        "contentHash": "zteT+G8xuGu6mS+mzDzYXbzS7rd3K6Fjb9RiZlYlJPam2/hU7JCBZBVEcywNuR+oZ1ncTvc/cq0faRr3P01OVg==",
        "dependencies": {
          "System.Runtime.CompilerServices.Unsafe": "4.5.3"
        }
      },
      "TestableIO.System.IO.Abstractions": {
        "type": "Transitive",
        "resolved": "17.2.26",
        "contentHash": "BO+O9ed2RQC9A+mdclTfvVHXtqGFZ3C72brUtDfbjrhU0RVf6nxpTbvd6wc03B5nGau2aTfUEKLH3PWp8O25Ag=="
      },
      "TestableIO.System.IO.Abstractions.Wrappers": {
        "type": "Transitive",
        "resolved": "17.2.26",
        "contentHash": "xCSeI+J+6Naa1UG6OcZ233TKkIz14OFuQ99765OlTyQSz7U9ozN4rjUemZsRTikIgd1YBvsyH0gYt1/bNyNsUw==",
        "dependencies": {
          "TestableIO.System.IO.Abstractions": "17.2.26"
        }
      },
      "nanoframeworkdeployer": {
        "type": "Project",
        "dependencies": {
          "CommandLineParser": "[2.9.1, )",
          "Polly": "[7.2.3, )",
          "System.Runtime.CompilerServices.Unsafe": "[6.0.0, )",
          "TestableIO.System.IO.Abstractions": "[17.2.26, )",
          "TestableIO.System.IO.Abstractions.Wrappers": "[17.2.26, )",
          "nanoFramework.Tools.Debugger.Net": "[2.4.3, )"
        }
      }
    }
  }
}